// !$*UTF8*$!
{
	archiveVersion = 1;
	classes = {
	};
	objectVersion = 55;
	objects = {

/* Begin PBXBuildFile section */
		3B88A5202971508400E3F119 /* AppDelegate.swift in Sources */ = {isa = PBXBuildFile; fileRef = 3B88A51F2971508400E3F119 /* AppDelegate.swift */; };
		3B88A5222971508400E3F119 /* SceneDelegate.swift in Sources */ = {isa = PBXBuildFile; fileRef = 3B88A5212971508400E3F119 /* SceneDelegate.swift */; };
		3B88A5242971508400E3F119 /* ViewController.swift in Sources */ = {isa = PBXBuildFile; fileRef = 3B88A5232971508400E3F119 /* ViewController.swift */; };
		3B88A5272971508400E3F119 /* Main.storyboard in Resources */ = {isa = PBXBuildFile; fileRef = 3B88A5252971508400E3F119 /* Main.storyboard */; };
		3B88A5292971508700E3F119 /* Assets.xcassets in Resources */ = {isa = PBXBuildFile; fileRef = 3B88A5282971508700E3F119 /* Assets.xcassets */; };
		3B88A52C2971508700E3F119 /* LaunchScreen.storyboard in Resources */ = {isa = PBXBuildFile; fileRef = 3B88A52A2971508700E3F119 /* LaunchScreen.storyboard */; };
		CE9A22538D4DFBE5FFF6BB67 /* Pods_TcpUdpTest.framework in Frameworks */ = {isa = PBXBuildFile; fileRef = B9CF69E8C45BB5AD02C7AAB9 /* Pods_TcpUdpTest.framework */; };
/* End PBXBuildFile section */

/* Begin PBXFileReference section */
		3B88A51C2971508400E3F119 /* TcpUdpTest.app */ = {isa = PBXFileReference; explicitFileType = wrapper.application; includeInIndex = 0; path = TcpUdpTest.app; sourceTree = BUILT_PRODUCTS_DIR; };
		3B88A51F2971508400E3F119 /* AppDelegate.swift */ = {isa = PBXFileReference; lastKnownFileType = sourcecode.swift; path = AppDelegate.swift; sourceTree = "<group>"; };
		3B88A5212971508400E3F119 /* SceneDelegate.swift */ = {isa = PBXFileReference; lastKnownFileType = sourcecode.swift; path = SceneDelegate.swift; sourceTree = "<group>"; };
		3B88A5232971508400E3F119 /* ViewController.swift */ = {isa = PBXFileReference; lastKnownFileType = sourcecode.swift; path = ViewController.swift; sourceTree = "<group>"; };
		3B88A5262971508400E3F119 /* Base */ = {isa = PBXFileReference; lastKnownFileType = file.storyboard; name = Base; path = Base.lproj/Main.storyboard; sourceTree = "<group>"; };
		3B88A5282971508700E3F119 /* Assets.xcassets */ = {isa = PBXFileReference; lastKnownFileType = folder.assetcatalog; path = Assets.xcassets; sourceTree = "<group>"; };
		3B88A52B2971508700E3F119 /* Base */ = {isa = PBXFileReference; lastKnownFileType = file.storyboard; name = Base; path = Base.lproj/LaunchScreen.storyboard; sourceTree = "<group>"; };
		3B88A52D2971508700E3F119 /* Info.plist */ = {isa = PBXFileReference; lastKnownFileType = text.plist.xml; path = Info.plist; sourceTree = "<group>"; };
		8E3FCEBCA451FCE345D4A70B /* Pods-TcpUdpTest.debug.xcconfig */ = {isa = PBXFileReference; includeInIndex = 1; lastKnownFileType = text.xcconfig; name = "Pods-TcpUdpTest.debug.xcconfig"; path = "Target Support Files/Pods-TcpUdpTest/Pods-TcpUdpTest.debug.xcconfig"; sourceTree = "<group>"; };
		B9CF69E8C45BB5AD02C7AAB9 /* Pods_TcpUdpTest.framework */ = {isa = PBXFileReference; explicitFileType = wrapper.framework; includeInIndex = 0; path = Pods_TcpUdpTest.framework; sourceTree = BUILT_PRODUCTS_DIR; };
		E798E2E2C3714B5A873711B5 /* Pods-TcpUdpTest.release.xcconfig */ = {isa = PBXFileReference; includeInIndex = 1; lastKnownFileType = text.xcconfig; name = "Pods-TcpUdpTest.release.xcconfig"; path = "Target Support Files/Pods-TcpUdpTest/Pods-TcpUdpTest.release.xcconfig"; sourceTree = "<group>"; };
/* End PBXFileReference section */

/* Begin PBXFrameworksBuildPhase section */
		3B88A5192971508400E3F119 /* Frameworks */ = {
			isa = PBXFrameworksBuildPhase;
			buildActionMask = 2147483647;
			files = (
				CE9A22538D4DFBE5FFF6BB67 /* Pods_TcpUdpTest.framework in Frameworks */,
			);
			runOnlyForDeploymentPostprocessing = 0;
		};
/* End PBXFrameworksBuildPhase section */

/* Begin PBXGroup section */
		3B88A5132971508400E3F119 = {
			isa = PBXGroup;
			children = (
				3B88A51E2971508400E3F119 /* TcpUdpTest */,
				3B88A51D2971508400E3F119 /* Products */,
				EDAC1059643947BA22872CBE /* Pods */,
				E75DE98A0A17F23E56C09DF0 /* Frameworks */,
			);
			sourceTree = "<group>";
		};
		3B88A51D2971508400E3F119 /* Products */ = {
			isa = PBXGroup;
			children = (
				3B88A51C2971508400E3F119 /* TcpUdpTest.app */,
			);
			name = Products;
			sourceTree = "<group>";
		};
		3B88A51E2971508400E3F119 /* TcpUdpTest */ = {
			isa = PBXGroup;
			children = (
				3B88A51F2971508400E3F119 /* AppDelegate.swift */,
				3B88A5212971508400E3F119 /* SceneDelegate.swift */,
				3B88A5232971508400E3F119 /* ViewController.swift */,
				3B88A5252971508400E3F119 /* Main.storyboard */,
				3B88A5282971508700E3F119 /* Assets.xcassets */,
				3B88A52A2971508700E3F119 /* LaunchScreen.storyboard */,
				3B88A52D2971508700E3F119 /* Info.plist */,
			);
			path = TcpUdpTest;
			sourceTree = "<group>";
		};
		E75DE98A0A17F23E56C09DF0 /* Frameworks */ = {
			isa = PBXGroup;
			children = (
				B9CF69E8C45BB5AD02C7AAB9 /* Pods_TcpUdpTest.framework */,
			);
			name = Frameworks;
			sourceTree = "<group>";
		};
		EDAC1059643947BA22872CBE /* Pods */ = {
			isa = PBXGroup;
			children = (
				8E3FCEBCA451FCE345D4A70B /* Pods-TcpUdpTest.debug.xcconfig */,
				E798E2E2C3714B5A873711B5 /* Pods-TcpUdpTest.release.xcconfig */,
			);
			name = Pods;
			path = Pods;
			sourceTree = "<group>";
		};
/* End PBXGroup section */

/* Begin PBXNativeTarget section */
		3B88A51B2971508400E3F119 /* TcpUdpTest */ = {
			isa = PBXNativeTarget;
			buildConfigurationList = 3B88A5302971508700E3F119 /* Build configuration list for PBXNativeTarget "TcpUdpTest" */;
			buildPhases = (
				A2C3AC4211F9EE70A914D949 /* [CP] Check Pods Manifest.lock */,
				3B88A5182971508400E3F119 /* Sources */,
				3B88A5192971508400E3F119 /* Frameworks */,
				3B88A51A2971508400E3F119 /* Resources */,
				9FE2849DF05D8EBE5F9CEBF0 /* [CP] Embed Pods Frameworks */,
			);
			buildRules = (
			);
			dependencies = (
			);
			name = TcpUdpTest;
			productName = TcpUdpTest;
			productReference = 3B88A51C2971508400E3F119 /* TcpUdpTest.app */;
			productType = "com.apple.product-type.application";
		};
/* End PBXNativeTarget section */

/* Begin PBXProject section */
		3B88A5142971508400E3F119 /* Project object */ = {
			isa = PBXProject;
			attributes = {
				BuildIndependentTargetsInParallel = 1;
				LastSwiftUpdateCheck = 1310;
				LastUpgradeCheck = 1310;
				TargetAttributes = {
					3B88A51B2971508400E3F119 = {
						CreatedOnToolsVersion = 13.1;
					};
				};
			};
			buildConfigurationList = 3B88A5172971508400E3F119 /* Build configuration list for PBXProject "TcpUdpTest" */;
			compatibilityVersion = "Xcode 13.0";
			developmentRegion = en;
			hasScannedForEncodings = 0;
			knownRegions = (
				en,
				Base,
			);
			mainGroup = 3B88A5132971508400E3F119;
			productRefGroup = 3B88A51D2971508400E3F119 /* Products */;
			projectDirPath = "";
			projectRoot = "";
			targets = (
				3B88A51B2971508400E3F119 /* TcpUdpTest */,
			);
		};
/* End PBXProject section */

/* Begin PBXResourcesBuildPhase section */
		3B88A51A2971508400E3F119 /* Resources */ = {
			isa = PBXResourcesBuildPhase;
			buildActionMask = 2147483647;
			files = (
				3B88A52C2971508700E3F119 /* LaunchScreen.storyboard in Resources */,
				3B88A5292971508700E3F119 /* Assets.xcassets in Resources */,
				3B88A5272971508400E3F119 /* Main.storyboard in Resources */,
			);
			runOnlyForDeploymentPostprocessing = 0;
		};
/* End PBXResourcesBuildPhase section */

/* Begin PBXShellScriptBuildPhase section */
		9FE2849DF05D8EBE5F9CEBF0 /* [CP] Embed Pods Frameworks */ = {
			isa = PBXShellScriptBuildPhase;
			buildActionMask = 2147483647;
			files = (
			);
			inputFileListPaths = (
				"${PODS_ROOT}/Target Support Files/Pods-TcpUdpTest/Pods-TcpUdpTest-frameworks-${CONFIGURATION}-input-files.xcfilelist",
			);
			name = "[CP] Embed Pods Frameworks";
			outputFileListPaths = (
				"${PODS_ROOT}/Target Support Files/Pods-TcpUdpTest/Pods-TcpUdpTest-frameworks-${CONFIGURATION}-output-files.xcfilelist",
			);
			runOnlyForDeploymentPostprocessing = 0;
			shellPath = /bin/sh;
			shellScript = "\"${PODS_ROOT}/Target Support Files/Pods-TcpUdpTest/Pods-TcpUdpTest-frameworks.sh\"\n";
			showEnvVarsInLog = 0;
		};
		A2C3AC4211F9EE70A914D949 /* [CP] Check Pods Manifest.lock */ = {
			isa = PBXShellScriptBuildPhase;
			buildActionMask = 2147483647;
			files = (
			);
			inputFileListPaths = (
			);
			inputPaths = (
				"${PODS_PODFILE_DIR_PATH}/Podfile.lock",
				"${PODS_ROOT}/Manifest.lock",
			);
			name = "[CP] Check Pods Manifest.lock";
			outputFileListPaths = (
			);
			outputPaths = (
				"$(DERIVED_FILE_DIR)/Pods-TcpUdpTest-checkManifestLockResult.txt",
			);
			runOnlyForDeploymentPostprocessing = 0;
			shellPath = /bin/sh;
			shellScript = "diff \"${PODS_PODFILE_DIR_PATH}/Podfile.lock\" \"${PODS_ROOT}/Manifest.lock\" > /dev/null\nif [ $? != 0 ] ; then\n    # print error to STDERR\n    echo \"error: The sandbox is not in sync with the Podfile.lock. Run 'pod install' or update your CocoaPods installation.\" >&2\n    exit 1\nfi\n# This output is used by Xcode 'outputs' to avoid re-running this script phase.\necho \"SUCCESS\" > \"${SCRIPT_OUTPUT_FILE_0}\"\n";
			showEnvVarsInLog = 0;
		};
/* End PBXShellScriptBuildPhase section */

/* Begin PBXSourcesBuildPhase section */
		3B88A5182971508400E3F119 /* Sources */ = {
			isa = PBXSourcesBuildPhase;
			buildActionMask = 2147483647;
			files = (
				3B88A5242971508400E3F119 /* ViewController.swift in Sources */,
				3B88A5202971508400E3F119 /* AppDelegate.swift in Sources */,
				3B88A5222971508400E3F119 /* SceneDelegate.swift in Sources */,
			);
			runOnlyForDeploymentPostprocessing = 0;
		};
/* End PBXSourcesBuildPhase section */

/* Begin PBXVariantGroup section */
		3B88A5252971508400E3F119 /* Main.storyboard */ = {
			isa = PBXVariantGroup;
			children = (
				3B88A5262971508400E3F119 /* Base */,
			);
			name = Main.storyboard;
			sourceTree = "<group>";
		};
		3B88A52A2971508700E3F119 /* LaunchScreen.storyboard */ = {
			isa = PBXVariantGroup;
			children = (
				3B88A52B2971508700E3F119 /* Base */,
			);
			name = LaunchScreen.storyboard;
			sourceTree = "<group>";
		};
/* End PBXVariantGroup section */

/* Begin XCBuildConfiguration section */
		3B88A52E2971508700E3F119 /* Debug */ = {
			isa = XCBuildConfiguration;
			buildSettings = {
				ALWAYS_SEARCH_USER_PATHS = NO;
				CLANG_ANALYZER_NONNULL = YES;
				CLANG_ANALYZER_NUMBER_OBJECT_CONVERSION = YES_AGGRESSIVE;
				CLANG_CXX_LANGUAGE_STANDARD = "gnu++17";
				CLANG_CXX_LIBRARY = "libc++";
				CLANG_ENABLE_MODULES = YES;
				CLANG_ENABLE_OBJC_ARC = YES;
				CLANG_ENABLE_OBJC_WEAK = YES;
				CLANG_WARN_BLOCK_CAPTURE_AUTORELEASING = YES;
				CLANG_WARN_BOOL_CONVERSION = YES;
				CLANG_WARN_COMMA = YES;
				CLANG_WARN_CONSTANT_CONVERSION = YES;
				CLANG_WARN_DEPRECATED_OBJC_IMPLEMENTATIONS = YES;
				CLANG_WARN_DIRECT_OBJC_ISA_USAGE = YES_ERROR;
				CLANG_WARN_DOCUMENTATION_COMMENTS = YES;
				CLANG_WARN_EMPTY_BODY = YES;
				CLANG_WARN_ENUM_CONVERSION = YES;
				CLANG_WARN_INFINITE_RECURSION = YES;
				CLANG_WARN_INT_CONVERSION = YES;
				CLANG_WARN_NON_LITERAL_NULL_CONVERSION = YES;
				CLANG_WARN_OBJC_IMPLICIT_RETAIN_SELF = YES;
				CLANG_WARN_OBJC_LITERAL_CONVERSION = YES;
				CLANG_WARN_OBJC_ROOT_CLASS = YES_ERROR;
				CLANG_WARN_QUOTED_INCLUDE_IN_FRAMEWORK_HEADER = YES;
				CLANG_WARN_RANGE_LOOP_ANALYSIS = YES;
				CLANG_WARN_STRICT_PROTOTYPES = YES;
				CLANG_WARN_SUSPICIOUS_MOVE = YES;
				CLANG_WARN_UNGUARDED_AVAILABILITY = YES_AGGRESSIVE;
				CLANG_WARN_UNREACHABLE_CODE = YES;
				CLANG_WARN__DUPLICATE_METHOD_MATCH = YES;
				COPY_PHASE_STRIP = NO;
				DEBUG_INFORMATION_FORMAT = dwarf;
				ENABLE_STRICT_OBJC_MSGSEND = YES;
				ENABLE_TESTABILITY = YES;
				GCC_C_LANGUAGE_STANDARD = gnu11;
				GCC_DYNAMIC_NO_PIC = NO;
				GCC_NO_COMMON_BLOCKS = YES;
				GCC_OPTIMIZATION_LEVEL = 0;
				GCC_PREPROCESSOR_DEFINITIONS = (
					"DEBUG=1",
					"$(inherited)",
				);
				GCC_WARN_64_TO_32_BIT_CONVERSION = YES;
				GCC_WARN_ABOUT_RETURN_TYPE = YES_ERROR;
				GCC_WARN_UNDECLARED_SELECTOR = YES;
				GCC_WARN_UNINITIALIZED_AUTOS = YES_AGGRESSIVE;
				GCC_WARN_UNUSED_FUNCTION = YES;
				GCC_WARN_UNUSED_VARIABLE = YES;
				IPHONEOS_DEPLOYMENT_TARGET = 15.0;
				MTL_ENABLE_DEBUG_INFO = INCLUDE_SOURCE;
				MTL_FAST_MATH = YES;
				ONLY_ACTIVE_ARCH = YES;
				SDKROOT = iphoneos;
				SWIFT_ACTIVE_COMPILATION_CONDITIONS = DEBUG;
				SWIFT_OPTIMIZATION_LEVEL = "-Onone";
			};
			name = Debug;
		};
		3B88A52F2971508700E3F119 /* Release */ = {
			isa = XCBuildConfiguration;
			buildSettings = {
				ALWAYS_SEARCH_USER_PATHS = NO;
				CLANG_ANALYZER_NONNULL = YES;
				CLANG_ANALYZER_NUMBER_OBJECT_CONVERSION = YES_AGGRESSIVE;
				CLANG_CXX_LANGUAGE_STANDARD = "gnu++17";
				CLANG_CXX_LIBRARY = "libc++";
				CLANG_ENABLE_MODULES = YES;
				CLANG_ENABLE_OBJC_ARC = YES;
				CLANG_ENABLE_OBJC_WEAK = YES;
				CLANG_WARN_BLOCK_CAPTURE_AUTORELEASING = YES;
				CLANG_WARN_BOOL_CONVERSION = YES;
				CLANG_WARN_COMMA = YES;
				CLANG_WARN_CONSTANT_CONVERSION = YES;
				CLANG_WARN_DEPRECATED_OBJC_IMPLEMENTATIONS = YES;
				CLANG_WARN_DIRECT_OBJC_ISA_USAGE = YES_ERROR;
				CLANG_WARN_DOCUMENTATION_COMMENTS = YES;
				CLANG_WARN_EMPTY_BODY = YES;
				CLANG_WARN_ENUM_CONVERSION = YES;
				CLANG_WARN_INFINITE_RECURSION = YES;
				CLANG_WARN_INT_CONVERSION = YES;
				CLANG_WARN_NON_LITERAL_NULL_CONVERSION = YES;
				CLANG_WARN_OBJC_IMPLICIT_RETAIN_SELF = YES;
				CLANG_WARN_OBJC_LITERAL_CONVERSION = YES;
				CLANG_WARN_OBJC_ROOT_CLASS = YES_ERROR;
				CLANG_WARN_QUOTED_INCLUDE_IN_FRAMEWORK_HEADER = YES;
				CLANG_WARN_RANGE_LOOP_ANALYSIS = YES;
				CLANG_WARN_STRICT_PROTOTYPES = YES;
				CLANG_WARN_SUSPICIOUS_MOVE = YES;
				CLANG_WARN_UNGUARDED_AVAILABILITY = YES_AGGRESSIVE;
				CLANG_WARN_UNREACHABLE_CODE = YES;
				CLANG_WARN__DUPLICATE_METHOD_MATCH = YES;
				COPY_PHASE_STRIP = NO;
				DEBUG_INFORMATION_FORMAT = "dwarf-with-dsym";
				ENABLE_NS_ASSERTIONS = NO;
				ENABLE_STRICT_OBJC_MSGSEND = YES;
				GCC_C_LANGUAGE_STANDARD = gnu11;
				GCC_NO_COMMON_BLOCKS = YES;
				GCC_WARN_64_TO_32_BIT_CONVERSION = YES;
				GCC_WARN_ABOUT_RETURN_TYPE = YES_ERROR;
				GCC_WARN_UNDECLARED_SELECTOR = YES;
				GCC_WARN_UNINITIALIZED_AUTOS = YES_AGGRESSIVE;
				GCC_WARN_UNUSED_FUNCTION = YES;
				GCC_WARN_UNUSED_VARIABLE = YES;
				IPHONEOS_DEPLOYMENT_TARGET = 15.0;
				MTL_ENABLE_DEBUG_INFO = NO;
				MTL_FAST_MATH = YES;
				SDKROOT = iphoneos;
				SWIFT_COMPILATION_MODE = wholemodule;
				SWIFT_OPTIMIZATION_LEVEL = "-O";
				VALIDATE_PRODUCT = YES;
			};
			name = Release;
		};
		3B88A5312971508700E3F119 /* Debug */ = {
			isa = XCBuildConfiguration;
			baseConfigurationReference = 8E3FCEBCA451FCE345D4A70B /* Pods-TcpUdpTest.debug.xcconfig */;
			buildSettings = {
				ASSETCATALOG_COMPILER_APPICON_NAME = AppIcon;
				ASSETCATALOG_COMPILER_GLOBAL_ACCENT_COLOR_NAME = AccentColor;
				CODE_SIGN_STYLE = Automatic;
				CURRENT_PROJECT_VERSION = 1;
				DEVELOPMENT_TEAM = 7VD4Y3K9WZ;
				GENERATE_INFOPLIST_FILE = YES;
				INFOPLIST_FILE = TcpUdpTest/Info.plist;
				INFOPLIST_KEY_UIApplicationSupportsIndirectInputEvents = YES;
				INFOPLIST_KEY_UILaunchStoryboardName = LaunchScreen;
				INFOPLIST_KEY_UIMainStoryboardFile = Main;
				INFOPLIST_KEY_UISupportedInterfaceOrientations_iPad = "UIInterfaceOrientationPortrait UIInterfaceOrientationPortraitUpsideDown UIInterfaceOrientationLandscapeLeft UIInterfaceOrientationLandscapeRight";
				INFOPLIST_KEY_UISupportedInterfaceOrientations_iPhone = "UIInterfaceOrientationPortrait UIInterfaceOrientationLandscapeLeft UIInterfaceOrientationLandscapeRight";
				LD_RUNPATH_SEARCH_PATHS = (
					"$(inherited)",
					"@executable_path/Frameworks",
				);
				MARKETING_VERSION = 1.0;
				PRODUCT_BUNDLE_IDENTIFIER = net.funpodium.TcpUdpTest.TcpUdpTest;
				PRODUCT_NAME = "$(TARGET_NAME)";
				SWIFT_EMIT_LOC_STRINGS = YES;
				SWIFT_VERSION = 5.0;
				TARGETED_DEVICE_FAMILY = "1,2";
			};
			name = Debug;
		};
		3B88A5322971508700E3F119 /* Release */ = {
			isa = XCBuildConfiguration;
			baseConfigurationReference = E798E2E2C3714B5A873711B5 /* Pods-TcpUdpTest.release.xcconfig */;
			buildSettings = {
				ASSETCATALOG_COMPILER_APPICON_NAME = AppIcon;
				ASSETCATALOG_COMPILER_GLOBAL_ACCENT_COLOR_NAME = AccentColor;
				CODE_SIGN_STYLE = Automatic;
				CURRENT_PROJECT_VERSION = 1;
				DEVELOPMENT_TEAM = 7VD4Y3K9WZ;
				GENERATE_INFOPLIST_FILE = YES;
				INFOPLIST_FILE = TcpUdpTest/Info.plist;
				INFOPLIST_KEY_UIApplicationSupportsIndirectInputEvents = YES;
				INFOPLIST_KEY_UILaunchStoryboardName = LaunchScreen;
				INFOPLIST_KEY_UIMainStoryboardFile = Main;
				INFOPLIST_KEY_UISupportedInterfaceOrientations_iPad = "UIInterfaceOrientationPortrait UIInterfaceOrientationPortraitUpsideDown UIInterfaceOrientationLandscapeLeft UIInterfaceOrientationLandscapeRight";
				INFOPLIST_KEY_UISupportedInterfaceOrientations_iPhone = "UIInterfaceOrientationPortrait UIInterfaceOrientationLandscapeLeft UIInterfaceOrientationLandscapeRight";
				LD_RUNPATH_SEARCH_PATHS = (
					"$(inherited)",
					"@executable_path/Frameworks",
				);
				MARKETING_VERSION = 1.0;
				PRODUCT_BUNDLE_IDENTIFIER = net.funpodium.TcpUdpTest.TcpUdpTest;
				PRODUCT_NAME = "$(TARGET_NAME)";
				SWIFT_EMIT_LOC_STRINGS = YES;
				SWIFT_VERSION = 5.0;
				TARGETED_DEVICE_FAMILY = "1,2";
			};
			name = Release;
		};
/* End XCBuildConfiguration section */

/* Begin XCConfigurationList section */
		3B88A5172971508400E3F119 /* Build configuration list for PBXProject "TcpUdpTest" */ = {
			isa = XCConfigurationList;
			buildConfigurations = (
				3B88A52E2971508700E3F119 /* Debug */,
				3B88A52F2971508700E3F119 /* Release */,
			);
			defaultConfigurationIsVisible = 0;
			defaultConfigurationName = Release;
		};
		3B88A5302971508700E3F119 /* Build configuration list for PBXNativeTarget "TcpUdpTest" */ = {
			isa = XCConfigurationList;
			buildConfigurations = (
				3B88A5312971508700E3F119 /* Debug */,
				3B88A5322971508700E3F119 /* Release */,
			);
			defaultConfigurationIsVisible = 0;
			defaultConfigurationName = Release;
		};
/* End XCConfigurationList section */
	};
	rootObject = 3B88A5142971508400E3F119 /* Project object */;
}
